# This file is automatically @generated by Cargo.
# It is not intended for manual editing.
[[package]]
name = "macro-test-watt"
version = "0.1.0"
dependencies = [
 "watt",
]

[[package]]
name = "user"
version = "0.1.0"
dependencies = [
 "macro-test-watt",
]

[[package]]
name = "watt"
version = "0.3.0"
source = "registry+https://github.com/rust-lang/crates.io-index"
checksum = "aa3fc73cacd0614c0fc30d7b7e238c61fc86f4c71e6d491aef495daa73b825d7"
